
Microsoft Visual Studio Solution File, Format Version 12.00
# Visual Studio Version 16
VisualStudioVersion = 16.0.31911.196
MinimumVisualStudioVersion = 10.0.40219.1
Project("{8BC9CEB8-8B4A-11D0-8D11-00A0C91BC942}") = "IntroductionToOOP", "IntroductionToOOP\IntroductionToOOP.vcxproj", "{12C218E3-3478-4C1D-A5D7-1AD70CB46F98}"
EndProject
Project("{8BC9CEB8-8B4A-11D0-8D11-00A0C91BC942}") = "Fraction", "Fraction\Fraction.vcxproj", "{2BB6C6AE-670F-4A2D-8AF8-CFD42C54F28F}"
EndProject
Project("{8BC9CEB8-8B4A-11D0-8D11-00A0C91BC942}") = "Fraction2", "Fraction2\Fraction2.vcxproj", "{7F506541-11B1-4643-AD33-2BFD438F304B}"
EndProject
Project("{8BC9CEB8-8B4A-11D0-8D11-00A0C91BC942}") = "String", "String\String.vcxproj", "{A089909D-F70D-4B03-9D9D-7FB49335197C}"
EndProject
Global
	GlobalSection(SolutionConfigurationPlatforms) = preSolution
		Debug|x64 = Debug|x64
		Debug|x86 = Debug|x86
		Release|x64 = Release|x64
		Release|x86 = Release|x86
	EndGlobalSection
	GlobalSection(ProjectConfigurationPlatforms) = postSolution
		{12C218E3-3478-4C1D-A5D7-1AD70CB46F98}.Debug|x64.ActiveCfg = Debug|x64
		{12C218E3-3478-4C1D-A5D7-1AD70CB46F98}.Debug|x64.Build.0 = Debug|x64
		{12C218E3-3478-4C1D-A5D7-1AD70CB46F98}.Debug|x86.ActiveCfg = Debug|Win32
		{12C218E3-3478-4C1D-A5D7-1AD70CB46F98}.Debug|x86.Build.0 = Debug|Win32
		{12C218E3-3478-4C1D-A5D7-1AD70CB46F98}.Release|x64.ActiveCfg = Release|x64
		{12C218E3-3478-4C1D-A5D7-1AD70CB46F98}.Release|x64.Build.0 = Release|x64
		{12C218E3-3478-4C1D-A5D7-1AD70CB46F98}.Release|x86.ActiveCfg = Release|Win32
		{12C218E3-3478-4C1D-A5D7-1AD70CB46F98}.Release|x86.Build.0 = Release|Win32
		{2BB6C6AE-670F-4A2D-8AF8-CFD42C54F28F}.Debug|x64.ActiveCfg = Debug|x64
		{2BB6C6AE-670F-4A2D-8AF8-CFD42C54F28F}.Debug|x64.Build.0 = Debug|x64
		{2BB6C6AE-670F-4A2D-8AF8-CFD42C54F28F}.Debug|x86.ActiveCfg = Debug|Win32
		{2BB6C6AE-670F-4A2D-8AF8-CFD42C54F28F}.Debug|x86.Build.0 = Debug|Win32
		{2BB6C6AE-670F-4A2D-8AF8-CFD42C54F28F}.Release|x64.ActiveCfg = Release|x64
		{2BB6C6AE-670F-4A2D-8AF8-CFD42C54F28F}.Release|x64.Build.0 = Release|x64
		{2BB6C6AE-670F-4A2D-8AF8-CFD42C54F28F}.Release|x86.ActiveCfg = Release|Win32
		{2BB6C6AE-670F-4A2D-8AF8-CFD42C54F28F}.Release|x86.Build.0 = Release|Win32
		{7F506541-11B1-4643-AD33-2BFD438F304B}.Debug|x64.ActiveCfg = Debug|x64
		{7F506541-11B1-4643-AD33-2BFD438F304B}.Debug|x64.Build.0 = Debug|x64
		{7F506541-11B1-4643-AD33-2BFD438F304B}.Debug|x86.ActiveCfg = Debug|Win32
		{7F506541-11B1-4643-AD33-2BFD438F304B}.Debug|x86.Build.0 = Debug|Win32
		{7F506541-11B1-4643-AD33-2BFD438F304B}.Release|x64.ActiveCfg = Release|x64
		{7F506541-11B1-4643-AD33-2BFD438F304B}.Release|x64.Build.0 = Release|x64
		{7F506541-11B1-4643-AD33-2BFD438F304B}.Release|x86.ActiveCfg = Release|Win32
		{7F506541-11B1-4643-AD33-2BFD438F304B}.Release|x86.Build.0 = Release|Win32
		{A089909D-F70D-4B03-9D9D-7FB49335197C}.Debug|x64.ActiveCfg = Debug|x64
		{A089909D-F70D-4B03-9D9D-7FB49335197C}.Debug|x64.Build.0 = Debug|x64
		{A089909D-F70D-4B03-9D9D-7FB49335197C}.Debug|x86.ActiveCfg = Debug|Win32
		{A089909D-F70D-4B03-9D9D-7FB49335197C}.Debug|x86.Build.0 = Debug|Win32
		{A089909D-F70D-4B03-9D9D-7FB49335197C}.Release|x64.ActiveCfg = Release|x64
		{A089909D-F70D-4B03-9D9D-7FB49335197C}.Release|x64.Build.0 = Release|x64
		{A089909D-F70D-4B03-9D9D-7FB49335197C}.Release|x86.ActiveCfg = Release|Win32
		{A089909D-F70D-4B03-9D9D-7FB49335197C}.Release|x86.Build.0 = Release|Win32
	EndGlobalSection
	GlobalSection(SolutionProperties) = preSolution
		HideSolutionNode = FALSE
	EndGlobalSection
	GlobalSection(ExtensibilityGlobals) = postSolution
		SolutionGuid = {8344739B-854A-440D-B881-5B108FD1FA74}
	EndGlobalSection
EndGlobal
